
Microsoft Visual Studio Solution File, Format Version 12.00
# Visual Studio Version 17
VisualStudioVersion = 17.9.34622.214
MinimumVisualStudioVersion = 10.0.40219.1
Project("{8BC9CEB8-8B4A-11D0-8D11-00A0C91BC942}") = "activitystruct", "activitystruct\activitystruct.vcxproj", "{34E4FFF8-3799-495A-BD6C-CDA1D2B440DB}"
EndProject
Project("{2150E333-8FDC-42A3-9474-1A3956D46DE8}") = "Solution Items", "Solution Items", "{76FBA687-8D77-4F35-8A80-C6BB1A2E158A}"
	ProjectSection(SolutionItems) = preProject
		Struct_2 = Struct_2
	EndProjectSection
EndProject
Global
	GlobalSection(SolutionConfigurationPlatforms) = preSolution
		Debug|x64 = Debug|x64
		Debug|x86 = Debug|x86
		Release|x64 = Release|x64
		Release|x86 = Release|x86
	EndGlobalSection
	GlobalSection(ProjectConfigurationPlatforms) = postSolution
		{34E4FFF8-3799-495A-BD6C-CDA1D2B440DB}.Debug|x64.ActiveCfg = Debug|x64
		{34E4FFF8-3799-495A-BD6C-CDA1D2B440DB}.Debug|x64.Build.0 = Debug|x64
		{34E4FFF8-3799-495A-BD6C-CDA1D2B440DB}.Debug|x86.ActiveCfg = Debug|Win32
		{34E4FFF8-3799-495A-BD6C-CDA1D2B440DB}.Debug|x86.Build.0 = Debug|Win32
		{34E4FFF8-3799-495A-BD6C-CDA1D2B440DB}.Release|x64.ActiveCfg = Release|x64
		{34E4FFF8-3799-495A-BD6C-CDA1D2B440DB}.Release|x64.Build.0 = Release|x64
		{34E4FFF8-3799-495A-BD6C-CDA1D2B440DB}.Release|x86.ActiveCfg = Release|Win32
		{34E4FFF8-3799-495A-BD6C-CDA1D2B440DB}.Release|x86.Build.0 = Release|Win32
	EndGlobalSection
	GlobalSection(SolutionProperties) = preSolution
		HideSolutionNode = FALSE
	EndGlobalSection
	GlobalSection(ExtensibilityGlobals) = postSolution
		SolutionGuid = {B8D2A0E8-D2FF-4B21-ADD9-F0DF165CAEF0}
	EndGlobalSection
EndGlobal
